
Microsoft Visual Studio Solution File, Format Version 12.00
# Visual Studio Version 17
VisualStudioVersion = 17.0.31903.59
MinimumVisualStudioVersion = 10.0.40219.1
Project("{2150E333-8FDC-42A3-9474-1A3956D46DE8}") = "src", "src", "{827E0CD3-B72D-47B6-A68D-7590B98EB39B}"
EndProject
Project("{FAE04EC0-301F-11D3-BF4B-00C04F79EFBC}") = "Miles.Core", "src\Miles.Core\Miles.Core.csproj", "{7191BD83-9CCE-4500-B93F-082B1ED10CCF}"
EndProject
Project("{FAE04EC0-301F-11D3-BF4B-00C04F79EFBC}") = "Miles.Infrastructure", "src\Miles.Infrastructure\Miles.Infrastructure.csproj", "{2A90010D-D996-4FFC-9A93-D5AE57475D87}"
EndProject
Project("{FAE04EC0-301F-11D3-BF4B-00C04F79EFBC}") = "Miles.WebApp", "src\Miles.WebApp\Miles.WebApp.csproj", "{F58CDB19-9518-4D7F-9237-A780DBCC23AB}"
EndProject
Project("{FAE04EC0-301F-11D3-BF4B-00C04F79EFBC}") = "Miles.Application", "src\Miles.Application\Miles.Application.csproj", "{156428F9-4DC5-4ECD-8209-9980EEBA0246}"
EndProject
Project("{2150E333-8FDC-42A3-9474-1A3956D46DE8}") = "tests", "tests", "{0AB3BF05-4346-4AA6-1389-037BE0695223}"
EndProject
Project("{FAE04EC0-301F-11D3-BF4B-00C04F79EFBC}") = "Miles.Core.Tests", "tests\Miles.Core.Tests\Miles.Core.Tests.csproj", "{DFED45E7-9710-43C6-B76C-F702999404FE}"
EndProject
Global
	GlobalSection(SolutionConfigurationPlatforms) = preSolution
		Debug|Any CPU = Debug|Any CPU
		Debug|x64 = Debug|x64
		Debug|x86 = Debug|x86
		Release|Any CPU = Release|Any CPU
		Release|x64 = Release|x64
		Release|x86 = Release|x86
	EndGlobalSection
	GlobalSection(ProjectConfigurationPlatforms) = postSolution
		{7191BD83-9CCE-4500-B93F-082B1ED10CCF}.Debug|Any CPU.ActiveCfg = Debug|Any CPU
		{7191BD83-9CCE-4500-B93F-082B1ED10CCF}.Debug|Any CPU.Build.0 = Debug|Any CPU
		{7191BD83-9CCE-4500-B93F-082B1ED10CCF}.Debug|x64.ActiveCfg = Debug|Any CPU
		{7191BD83-9CCE-4500-B93F-082B1ED10CCF}.Debug|x64.Build.0 = Debug|Any CPU
		{7191BD83-9CCE-4500-B93F-082B1ED10CCF}.Debug|x86.ActiveCfg = Debug|Any CPU
		{7191BD83-9CCE-4500-B93F-082B1ED10CCF}.Debug|x86.Build.0 = Debug|Any CPU
		{7191BD83-9CCE-4500-B93F-082B1ED10CCF}.Release|Any CPU.ActiveCfg = Release|Any CPU
		{7191BD83-9CCE-4500-B93F-082B1ED10CCF}.Release|Any CPU.Build.0 = Release|Any CPU
		{7191BD83-9CCE-4500-B93F-082B1ED10CCF}.Release|x64.ActiveCfg = Release|Any CPU
		{7191BD83-9CCE-4500-B93F-082B1ED10CCF}.Release|x64.Build.0 = Release|Any CPU
		{7191BD83-9CCE-4500-B93F-082B1ED10CCF}.Release|x86.ActiveCfg = Release|Any CPU
		{7191BD83-9CCE-4500-B93F-082B1ED10CCF}.Release|x86.Build.0 = Release|Any CPU
		{2A90010D-D996-4FFC-9A93-D5AE57475D87}.Debug|Any CPU.ActiveCfg = Debug|Any CPU
		{2A90010D-D996-4FFC-9A93-D5AE57475D87}.Debug|Any CPU.Build.0 = Debug|Any CPU
		{2A90010D-D996-4FFC-9A93-D5AE57475D87}.Debug|x64.ActiveCfg = Debug|Any CPU
		{2A90010D-D996-4FFC-9A93-D5AE57475D87}.Debug|x64.Build.0 = Debug|Any CPU
		{2A90010D-D996-4FFC-9A93-D5AE57475D87}.Debug|x86.ActiveCfg = Debug|Any CPU
		{2A90010D-D996-4FFC-9A93-D5AE57475D87}.Debug|x86.Build.0 = Debug|Any CPU
		{2A90010D-D996-4FFC-9A93-D5AE57475D87}.Release|Any CPU.ActiveCfg = Release|Any CPU
		{2A90010D-D996-4FFC-9A93-D5AE57475D87}.Release|Any CPU.Build.0 = Release|Any CPU
		{2A90010D-D996-4FFC-9A93-D5AE57475D87}.Release|x64.ActiveCfg = Release|Any CPU
		{2A90010D-D996-4FFC-9A93-D5AE57475D87}.Release|x64.Build.0 = Release|Any CPU
		{2A90010D-D996-4FFC-9A93-D5AE57475D87}.Release|x86.ActiveCfg = Release|Any CPU
		{2A90010D-D996-4FFC-9A93-D5AE57475D87}.Release|x86.Build.0 = Release|Any CPU
		{F58CDB19-9518-4D7F-9237-A780DBCC23AB}.Debug|Any CPU.ActiveCfg = Debug|Any CPU
		{F58CDB19-9518-4D7F-9237-A780DBCC23AB}.Debug|Any CPU.Build.0 = Debug|Any CPU
		{F58CDB19-9518-4D7F-9237-A780DBCC23AB}.Debug|x64.ActiveCfg = Debug|Any CPU
		{F58CDB19-9518-4D7F-9237-A780DBCC23AB}.Debug|x64.Build.0 = Debug|Any CPU
		{F58CDB19-9518-4D7F-9237-A780DBCC23AB}.Debug|x86.ActiveCfg = Debug|Any CPU
		{F58CDB19-9518-4D7F-9237-A780DBCC23AB}.Debug|x86.Build.0 = Debug|Any CPU
		{F58CDB19-9518-4D7F-9237-A780DBCC23AB}.Release|Any CPU.ActiveCfg = Release|Any CPU
		{F58CDB19-9518-4D7F-9237-A780DBCC23AB}.Release|Any CPU.Build.0 = Release|Any CPU
		{F58CDB19-9518-4D7F-9237-A780DBCC23AB}.Release|x64.ActiveCfg = Release|Any CPU
		{F58CDB19-9518-4D7F-9237-A780DBCC23AB}.Release|x64.Build.0 = Release|Any CPU
		{F58CDB19-9518-4D7F-9237-A780DBCC23AB}.Release|x86.ActiveCfg = Release|Any CPU
		{F58CDB19-9518-4D7F-9237-A780DBCC23AB}.Release|x86.Build.0 = Release|Any CPU
		{156428F9-4DC5-4ECD-8209-9980EEBA0246}.Debug|Any CPU.ActiveCfg = Debug|Any CPU
		{156428F9-4DC5-4ECD-8209-9980EEBA0246}.Debug|Any CPU.Build.0 = Debug|Any CPU
		{156428F9-4DC5-4ECD-8209-9980EEBA0246}.Debug|x64.ActiveCfg = Debug|Any CPU
		{156428F9-4DC5-4ECD-8209-9980EEBA0246}.Debug|x64.Build.0 = Debug|Any CPU
		{156428F9-4DC5-4ECD-8209-9980EEBA0246}.Debug|x86.ActiveCfg = Debug|Any CPU
		{156428F9-4DC5-4ECD-8209-9980EEBA0246}.Debug|x86.Build.0 = Debug|Any CPU
		{156428F9-4DC5-4ECD-8209-9980EEBA0246}.Release|Any CPU.ActiveCfg = Release|Any CPU
		{156428F9-4DC5-4ECD-8209-9980EEBA0246}.Release|Any CPU.Build.0 = Release|Any CPU
		{156428F9-4DC5-4ECD-8209-9980EEBA0246}.Release|x64.ActiveCfg = Release|Any CPU
		{156428F9-4DC5-4ECD-8209-9980EEBA0246}.Release|x64.Build.0 = Release|Any CPU
		{156428F9-4DC5-4ECD-8209-9980EEBA0246}.Release|x86.ActiveCfg = Release|Any CPU
		{156428F9-4DC5-4ECD-8209-9980EEBA0246}.Release|x86.Build.0 = Release|Any CPU
		{DFED45E7-9710-43C6-B76C-F702999404FE}.Debug|Any CPU.ActiveCfg = Debug|Any CPU
		{DFED45E7-9710-43C6-B76C-F702999404FE}.Debug|Any CPU.Build.0 = Debug|Any CPU
		{DFED45E7-9710-43C6-B76C-F702999404FE}.Debug|x64.ActiveCfg = Debug|Any CPU
		{DFED45E7-9710-43C6-B76C-F702999404FE}.Debug|x64.Build.0 = Debug|Any CPU
		{DFED45E7-9710-43C6-B76C-F702999404FE}.Debug|x86.ActiveCfg = Debug|Any CPU
		{DFED45E7-9710-43C6-B76C-F702999404FE}.Debug|x86.Build.0 = Debug|Any CPU
		{DFED45E7-9710-43C6-B76C-F702999404FE}.Release|Any CPU.ActiveCfg = Release|Any CPU
		{DFED45E7-9710-43C6-B76C-F702999404FE}.Release|Any CPU.Build.0 = Release|Any CPU
		{DFED45E7-9710-43C6-B76C-F702999404FE}.Release|x64.ActiveCfg = Release|Any CPU
		{DFED45E7-9710-43C6-B76C-F702999404FE}.Release|x64.Build.0 = Release|Any CPU
		{DFED45E7-9710-43C6-B76C-F702999404FE}.Release|x86.ActiveCfg = Release|Any CPU
		{DFED45E7-9710-43C6-B76C-F702999404FE}.Release|x86.Build.0 = Release|Any CPU
	EndGlobalSection
	GlobalSection(SolutionProperties) = preSolution
		HideSolutionNode = FALSE
	EndGlobalSection
	GlobalSection(NestedProjects) = preSolution
		{7191BD83-9CCE-4500-B93F-082B1ED10CCF} = {827E0CD3-B72D-47B6-A68D-7590B98EB39B}
		{2A90010D-D996-4FFC-9A93-D5AE57475D87} = {827E0CD3-B72D-47B6-A68D-7590B98EB39B}
		{F58CDB19-9518-4D7F-9237-A780DBCC23AB} = {827E0CD3-B72D-47B6-A68D-7590B98EB39B}
		{156428F9-4DC5-4ECD-8209-9980EEBA0246} = {827E0CD3-B72D-47B6-A68D-7590B98EB39B}
		{DFED45E7-9710-43C6-B76C-F702999404FE} = {0AB3BF05-4346-4AA6-1389-037BE0695223}
	EndGlobalSection
EndGlobal
